
Microsoft Visual Studio Solution File, Format Version 12.00
# Visual Studio Version 16
VisualStudioVersion = 16.0.31112.23
MinimumVisualStudioVersion = 10.0.40219.1
Project("{FAE04EC0-301F-11D3-BF4B-00C04F79EFBC}") = "헬스장프로그램", "헬스장프로그램.csproj", "{C395803E-C284-4DC8-BB7E-97442143DF2F}"
EndProject
Project("{2150E333-8FDC-42A3-9474-1A3956D46DE8}") = "Solution Items", "Solution Items", "{A03E40F0-DDFE-481E-8BF3-96F4018A6844}"
EndProject
Global
	GlobalSection(SolutionConfigurationPlatforms) = preSolution
		Debug|Any CPU = Debug|Any CPU
		Release|Any CPU = Release|Any CPU
	EndGlobalSection
	GlobalSection(ProjectConfigurationPlatforms) = postSolution
		{C395803E-C284-4DC8-BB7E-97442143DF2F}.Debug|Any CPU.ActiveCfg = Debug|Any CPU
		{C395803E-C284-4DC8-BB7E-97442143DF2F}.Debug|Any CPU.Build.0 = Debug|Any CPU
		{C395803E-C284-4DC8-BB7E-97442143DF2F}.Release|Any CPU.ActiveCfg = Release|Any CPU
		{C395803E-C284-4DC8-BB7E-97442143DF2F}.Release|Any CPU.Build.0 = Release|Any CPU
	EndGlobalSection
	GlobalSection(SolutionProperties) = preSolution
		HideSolutionNode = FALSE
	EndGlobalSection
	GlobalSection(ExtensibilityGlobals) = postSolution
		SolutionGuid = {DD937BF5-09C2-40D0-9E97-3B17D8E1B258}
	EndGlobalSection
EndGlobal
